
Microsoft Visual Studio Solution File, Format Version 12.00
# Visual Studio Version 16
VisualStudioVersion = 16.0.29326.143
MinimumVisualStudioVersion = 10.0.40219.1
Project("{FAE04EC0-301F-11D3-BF4B-00C04F79EFBC}") = "OliWorkshop.Threading", "OliWorkshop.Threading\OliWorkshop.Threading.csproj", "{83753732-078A-4488-B12B-A56F59D74E21}"
EndProject
Project("{FAE04EC0-301F-11D3-BF4B-00C04F79EFBC}") = "OliWorkshop.Tests.Threading", "OliWorkshop.Tests.Threading\OliWorkshop.Tests.Threading.csproj", "{FAC89452-D665-407D-B874-DDC74BEDD202}"
EndProject
Global
	GlobalSection(SolutionConfigurationPlatforms) = preSolution
		Debug|Any CPU = Debug|Any CPU
		Release|Any CPU = Release|Any CPU
	EndGlobalSection
	GlobalSection(ProjectConfigurationPlatforms) = postSolution
		{83753732-078A-4488-B12B-A56F59D74E21}.Debug|Any CPU.ActiveCfg = Debug|Any CPU
		{83753732-078A-4488-B12B-A56F59D74E21}.Debug|Any CPU.Build.0 = Debug|Any CPU
		{83753732-078A-4488-B12B-A56F59D74E21}.Release|Any CPU.ActiveCfg = Release|Any CPU
		{83753732-078A-4488-B12B-A56F59D74E21}.Release|Any CPU.Build.0 = Release|Any CPU
		{FAC89452-D665-407D-B874-DDC74BEDD202}.Debug|Any CPU.ActiveCfg = Debug|Any CPU
		{FAC89452-D665-407D-B874-DDC74BEDD202}.Debug|Any CPU.Build.0 = Debug|Any CPU
		{FAC89452-D665-407D-B874-DDC74BEDD202}.Release|Any CPU.ActiveCfg = Release|Any CPU
		{FAC89452-D665-407D-B874-DDC74BEDD202}.Release|Any CPU.Build.0 = Release|Any CPU
	EndGlobalSection
	GlobalSection(SolutionProperties) = preSolution
		HideSolutionNode = FALSE
	EndGlobalSection
	GlobalSection(ExtensibilityGlobals) = postSolution
		SolutionGuid = {1C943D9F-4F7B-4FD6-85F3-9EC0C0B159EF}
	EndGlobalSection
EndGlobal
